// !$*UTF8*$!
{
	archiveVersion = 1;
	classes = {
	};
	objectVersion = 56;
	objects = {

/* Begin PBXBuildFile section */
		B10000000000000000000001 /* AppDelegate.swift in Sources */ = {isa = PBXBuildFile; fileRef = A10000000000000000000011 /* AppDelegate.swift */; };
		B10000000000000000000002 /* PreviewViewController.swift in Sources */ = {isa = PBXBuildFile; fileRef = A10000000000000000000021 /* PreviewViewController.swift */; };
		B10000000000000000000003 /* TorrentMetadata.swift in Sources */ = {isa = PBXBuildFile; fileRef = A10000000000000000000022 /* TorrentMetadata.swift */; };
		B10000000000000000000004 /* BencodeDecoder.swift in Sources */ = {isa = PBXBuildFile; fileRef = A10000000000000000000023 /* BencodeDecoder.swift */; };
		B10000000000000000000005 /* TorrentParser.swift in Sources */ = {isa = PBXBuildFile; fileRef = A10000000000000000000024 /* TorrentParser.swift */; };
		B10000000000000000000006 /* TorrentPreviewView.swift in Sources */ = {isa = PBXBuildFile; fileRef = A10000000000000000000025 /* TorrentPreviewView.swift */; };
		B10000000000000000000007 /* QuickLookTorrentPreviewExtension.appex in Embed App Extensions */ = {isa = PBXBuildFile; fileRef = A10000000000000000000041 /* QuickLookTorrentPreviewExtension.appex */; settings = {ATTRIBUTES = (RemoveHeadersOnCopy, ); }; };
		B10000000000000000000008 /* Localization.swift in Sources */ = {isa = PBXBuildFile; fileRef = A10000000000000000000027 /* Localization.swift */; };
		B10000000000000000000009 /* Localizable.strings in Resources */ = {isa = PBXBuildFile; fileRef = A10000000000000000000030 /* Localizable.strings */; };
		B1000000000000000000000A /* Localizable.strings in Resources */ = {isa = PBXBuildFile; fileRef = A10000000000000000000031 /* Localizable.strings */; };
		B1000000000000000000000B /* Localizable.strings in Resources */ = {isa = PBXBuildFile; fileRef = A10000000000000000000032 /* Localizable.strings */; };
/* End PBXBuildFile section */

/* Begin PBXCopyFilesBuildPhase section */
		A10000000000000000000061 /* Embed App Extensions */ = {
			isa = PBXCopyFilesBuildPhase;
			buildActionMask = 2147483647;
			dstPath = "";
			dstSubfolderSpec = 13;
			files = (
				B10000000000000000000007 /* QuickLookTorrentPreviewExtension.appex in Embed App Extensions */,
			);
			name = "Embed App Extensions";
			runOnlyForDeploymentPostprocessing = 0;
		};
/* End PBXCopyFilesBuildPhase section */

/* Begin PBXFileReference section */
		A10000000000000000000011 /* AppDelegate.swift */ = {isa = PBXFileReference; lastKnownFileType = sourcecode.swift; path = AppDelegate.swift; sourceTree = "<group>"; };
		A10000000000000000000012 /* Info.plist */ = {isa = PBXFileReference; lastKnownFileType = text.plist.xml; path = Info.plist; sourceTree = "<group>"; };
		A10000000000000000000021 /* PreviewViewController.swift */ = {isa = PBXFileReference; lastKnownFileType = sourcecode.swift; path = PreviewViewController.swift; sourceTree = "<group>"; };
		A10000000000000000000022 /* TorrentMetadata.swift */ = {isa = PBXFileReference; lastKnownFileType = sourcecode.swift; path = TorrentMetadata.swift; sourceTree = "<group>"; };
		A10000000000000000000023 /* BencodeDecoder.swift */ = {isa = PBXFileReference; lastKnownFileType = sourcecode.swift; path = BencodeDecoder.swift; sourceTree = "<group>"; };
		A10000000000000000000024 /* TorrentParser.swift */ = {isa = PBXFileReference; lastKnownFileType = sourcecode.swift; path = TorrentParser.swift; sourceTree = "<group>"; };
		A10000000000000000000025 /* TorrentPreviewView.swift */ = {isa = PBXFileReference; lastKnownFileType = sourcecode.swift; path = TorrentPreviewView.swift; sourceTree = "<group>"; };
		A10000000000000000000026 /* Info.plist */ = {isa = PBXFileReference; lastKnownFileType = text.plist.xml; path = Info.plist; sourceTree = "<group>"; };
		A10000000000000000000027 /* Localization.swift */ = {isa = PBXFileReference; lastKnownFileType = sourcecode.swift; path = Localization.swift; sourceTree = "<group>"; };
		A10000000000000000000030 /* Localizable.strings */ = {isa = PBXFileReference; lastKnownFileType = text.plist.strings; path = en.lproj/Localizable.strings; sourceTree = "<group>"; };
		A10000000000000000000031 /* Localizable.strings */ = {isa = PBXFileReference; lastKnownFileType = text.plist.strings; path = ja.lproj/Localizable.strings; sourceTree = "<group>"; };
		A10000000000000000000032 /* Localizable.strings */ = {isa = PBXFileReference; lastKnownFileType = text.plist.strings; path = zh-Hans.lproj/Localizable.strings; sourceTree = "<group>"; };
		A10000000000000000000040 /* TorrentPreview.app */ = {isa = PBXFileReference; explicitFileType = wrapper.application; includeInIndex = 0; path = TorrentPreview.app; sourceTree = BUILT_PRODUCTS_DIR; };
		A10000000000000000000041 /* QuickLookTorrentPreviewExtension.appex */ = {isa = PBXFileReference; explicitFileType = "wrapper.app-extension"; includeInIndex = 0; path = QuickLookTorrentPreviewExtension.appex; sourceTree = BUILT_PRODUCTS_DIR; };
/* End PBXFileReference section */

/* Begin PBXFrameworksBuildPhase section */
		A10000000000000000000051 /* Frameworks */ = {
			isa = PBXFrameworksBuildPhase;
			buildActionMask = 2147483647;
			files = (
			);
			runOnlyForDeploymentPostprocessing = 0;
		};
		A10000000000000000000052 /* Frameworks */ = {
			isa = PBXFrameworksBuildPhase;
			buildActionMask = 2147483647;
			files = (
			);
			runOnlyForDeploymentPostprocessing = 0;
		};
/* End PBXFrameworksBuildPhase section */

/* Begin PBXGroup section */
		A10000000000000000000071 = {
			isa = PBXGroup;
			children = (
				A10000000000000000000072 /* TorrentPreviewApp */,
				A10000000000000000000073 /* QuickLookTorrentPreviewExtension */,
				A10000000000000000000074 /* Products */,
			);
			sourceTree = "<group>";
		};
		A10000000000000000000072 /* TorrentPreviewApp */ = {
			isa = PBXGroup;
			children = (
				A10000000000000000000011 /* AppDelegate.swift */,
				A10000000000000000000012 /* Info.plist */,
			);
			path = TorrentPreviewApp;
			sourceTree = "<group>";
		};
		A10000000000000000000073 /* QuickLookTorrentPreviewExtension */ = {
			isa = PBXGroup;
			children = (
				A10000000000000000000021 /* PreviewViewController.swift */,
				A10000000000000000000022 /* TorrentMetadata.swift */,
				A10000000000000000000023 /* BencodeDecoder.swift */,
				A10000000000000000000024 /* TorrentParser.swift */,
				A10000000000000000000025 /* TorrentPreviewView.swift */,
				A10000000000000000000027 /* Localization.swift */,
				A10000000000000000000026 /* Info.plist */,
				A10000000000000000000030 /* Localizable.strings */,
				A10000000000000000000031 /* Localizable.strings */,
				A10000000000000000000032 /* Localizable.strings */,
			);
			path = QuickLookTorrentPreviewExtension;
			sourceTree = "<group>";
		};
		A10000000000000000000074 /* Products */ = {
			isa = PBXGroup;
			children = (
				A10000000000000000000040 /* TorrentPreview.app */,
				A10000000000000000000041 /* QuickLookTorrentPreviewExtension.appex */,
			);
			name = Products;
			sourceTree = "<group>";
		};
/* End PBXGroup section */

/* Begin PBXNativeTarget section */
		A10000000000000000000081 /* TorrentPreview */ = {
			isa = PBXNativeTarget;
			buildConfigurationList = A100000000000000000000A1 /* Build configuration list for PBXNativeTarget "TorrentPreview" */;
			buildPhases = (
				A10000000000000000000091 /* Sources */,
				A10000000000000000000051 /* Frameworks */,
				A10000000000000000000061 /* Embed App Extensions */,
			);
			buildRules = (
			);
			dependencies = (
				A100000000000000000000B1 /* PBXTargetDependency */,
			);
			name = TorrentPreview;
			productName = TorrentPreview;
			productReference = A10000000000000000000040 /* TorrentPreview.app */;
			productType = "com.apple.product-type.application";
		};
		A10000000000000000000082 /* QuickLookTorrentPreviewExtension */ = {
			isa = PBXNativeTarget;
			buildConfigurationList = A100000000000000000000A2 /* Build configuration list for PBXNativeTarget "QuickLookTorrentPreviewExtension" */;
			buildPhases = (
				A10000000000000000000092 /* Sources */,
				A10000000000000000000052 /* Frameworks */,
				A10000000000000000000053 /* Resources */,
			);
			buildRules = (
			);
			dependencies = (
			);
			name = QuickLookTorrentPreviewExtension;
			productName = QuickLookTorrentPreviewExtension;
			productReference = A10000000000000000000041 /* QuickLookTorrentPreviewExtension.appex */;
			productType = "com.apple.product-type.app-extension";
		};
/* End PBXNativeTarget section */

/* Begin PBXProject section */
		A10000000000000000000001 /* Project object */ = {
			isa = PBXProject;
			attributes = {
				BuildIndependentTargetsInParallel = 1;
				LastUpgradeCheck = 1600;
				TargetAttributes = {
					A10000000000000000000082 = {
						CreatedOnToolsVersion = 16.0;
					};
				};
			};
			buildConfigurationList = A100000000000000000000A0 /* Build configuration list for PBXProject "TorrentPreview" */;
			compatibilityVersion = "Xcode 14.0";
			developmentRegion = en;
			hasScannedForEncodings = 0;
			knownRegions = (
				en,
				ja,
				"zh-Hans",
				Base,
			);
			mainGroup = A10000000000000000000071;
			productRefGroup = A10000000000000000000074 /* Products */;
			projectDirPath = "";
			projectRoot = "";
			targets = (
				A10000000000000000000081 /* TorrentPreview */,
				A10000000000000000000082 /* QuickLookTorrentPreviewExtension */,
			);
		};
/* End PBXProject section */

/* Begin PBXResourcesBuildPhase section */
		A10000000000000000000053 /* Resources */ = {
			isa = PBXResourcesBuildPhase;
			buildActionMask = 2147483647;
			files = (
				B10000000000000000000009 /* Localizable.strings in Resources */,
				B1000000000000000000000A /* Localizable.strings in Resources */,
				B1000000000000000000000B /* Localizable.strings in Resources */,
			);
			runOnlyForDeploymentPostprocessing = 0;
		};
/* End PBXResourcesBuildPhase section */

/* Begin PBXSourcesBuildPhase section */
		A10000000000000000000091 /* Sources */ = {
			isa = PBXSourcesBuildPhase;
			buildActionMask = 2147483647;
			files = (
				B10000000000000000000001 /* AppDelegate.swift in Sources */,
			);
			runOnlyForDeploymentPostprocessing = 0;
		};
		A10000000000000000000092 /* Sources */ = {
			isa = PBXSourcesBuildPhase;
			buildActionMask = 2147483647;
			files = (
				B10000000000000000000002 /* PreviewViewController.swift in Sources */,
				B10000000000000000000003 /* TorrentMetadata.swift in Sources */,
				B10000000000000000000004 /* BencodeDecoder.swift in Sources */,
				B10000000000000000000005 /* TorrentParser.swift in Sources */,
				B10000000000000000000006 /* TorrentPreviewView.swift in Sources */,
				B10000000000000000000008 /* Localization.swift in Sources */,
			);
			runOnlyForDeploymentPostprocessing = 0;
		};
/* End PBXSourcesBuildPhase section */

/* Begin PBXTargetDependency section */
		A100000000000000000000B1 /* PBXTargetDependency */ = {
			isa = PBXTargetDependency;
			target = A10000000000000000000082 /* QuickLookTorrentPreviewExtension */;
			targetProxy = A100000000000000000000B2 /* PBXContainerItemProxy */;
		};
/* End PBXTargetDependency section */

/* Begin PBXContainerItemProxy section */
		A100000000000000000000B2 /* PBXContainerItemProxy */ = {
			isa = PBXContainerItemProxy;
			containerPortal = A10000000000000000000001 /* Project object */;
			proxyType = 1;
			remoteGlobalIDString = A10000000000000000000082;
			remoteInfo = QuickLookTorrentPreviewExtension;
		};
/* End PBXContainerItemProxy section */

/* Begin XCBuildConfiguration section */
		A100000000000000000000C0 /* Debug */ = {
			isa = XCBuildConfiguration;
			buildSettings = {
				CODE_SIGN_STYLE = Automatic;
				CODE_SIGN_ENTITLEMENTS = TorrentPreviewApp/TorrentPreviewApp.entitlements;
				DEVELOPMENT_TEAM = "";
				MACOSX_DEPLOYMENT_TARGET = 13.0;
				PRODUCT_BUNDLE_IDENTIFIER = app.reigh.torrent-preview;
				PRODUCT_NAME = "$(TARGET_NAME)";
				SWIFT_VERSION = 5.0;
			};
			name = Debug;
		};
		A100000000000000000000C1 /* Release */ = {
			isa = XCBuildConfiguration;
			buildSettings = {
				CODE_SIGN_STYLE = Automatic;
				CODE_SIGN_ENTITLEMENTS = TorrentPreviewApp/TorrentPreviewApp.entitlements;
				DEVELOPMENT_TEAM = "";
				MACOSX_DEPLOYMENT_TARGET = 13.0;
				PRODUCT_BUNDLE_IDENTIFIER = app.reigh.torrent-preview;
				PRODUCT_NAME = "$(TARGET_NAME)";
				SWIFT_VERSION = 5.0;
			};
			name = Release;
		};
		A100000000000000000000C2 /* Debug */ = {
			isa = XCBuildConfiguration;
			buildSettings = {
				CODE_SIGN_STYLE = Automatic;
				CODE_SIGN_ENTITLEMENTS = TorrentPreviewApp/TorrentPreviewApp.entitlements;
				DEVELOPMENT_TEAM = "";
				INFOPLIST_FILE = TorrentPreviewApp/Info.plist;
				LD_RUNPATH_SEARCH_PATHS = (
					"$(inherited)",
					"@executable_path/../Frameworks",
				);
				MACOSX_DEPLOYMENT_TARGET = 13.0;
				PRODUCT_BUNDLE_IDENTIFIER = app.reigh.torrent-preview;
				PRODUCT_NAME = "$(TARGET_NAME)";
				SWIFT_VERSION = 5.0;
			};
			name = Debug;
		};
		A100000000000000000000C3 /* Release */ = {
			isa = XCBuildConfiguration;
			buildSettings = {
				CODE_SIGN_STYLE = Automatic;
				CODE_SIGN_ENTITLEMENTS = TorrentPreviewApp/TorrentPreviewApp.entitlements;
				DEVELOPMENT_TEAM = "";
				INFOPLIST_FILE = TorrentPreviewApp/Info.plist;
				LD_RUNPATH_SEARCH_PATHS = (
					"$(inherited)",
					"@executable_path/../Frameworks",
				);
				MACOSX_DEPLOYMENT_TARGET = 13.0;
				PRODUCT_BUNDLE_IDENTIFIER = app.reigh.torrent-preview;
				PRODUCT_NAME = "$(TARGET_NAME)";
				SWIFT_VERSION = 5.0;
			};
			name = Release;
		};
		A100000000000000000000C4 /* Debug */ = {
			isa = XCBuildConfiguration;
			buildSettings = {
				CODE_SIGN_STYLE = Automatic;
				CODE_SIGN_ENTITLEMENTS = QuickLookTorrentPreviewExtension/QuickLookTorrentPreviewExtension.entitlements;
				DEVELOPMENT_TEAM = "";
				INFOPLIST_FILE = QuickLookTorrentPreviewExtension/Info.plist;
				LD_RUNPATH_SEARCH_PATHS = (
					"$(inherited)",
					"@executable_path/../Frameworks",
					"@executable_path/../../Frameworks",
				);
				MACOSX_DEPLOYMENT_TARGET = 13.0;
				PRODUCT_BUNDLE_IDENTIFIER = app.reigh.torrent-preview.QuickLookTorrentPreviewExtension;
				PRODUCT_NAME = "$(TARGET_NAME)";
				SWIFT_VERSION = 5.0;
			};
			name = Debug;
		};
		A100000000000000000000C5 /* Release */ = {
			isa = XCBuildConfiguration;
			buildSettings = {
				CODE_SIGN_STYLE = Automatic;
				CODE_SIGN_ENTITLEMENTS = QuickLookTorrentPreviewExtension/QuickLookTorrentPreviewExtension.entitlements;
				DEVELOPMENT_TEAM = "";
				INFOPLIST_FILE = QuickLookTorrentPreviewExtension/Info.plist;
				LD_RUNPATH_SEARCH_PATHS = (
					"$(inherited)",
					"@executable_path/../Frameworks",
					"@executable_path/../../Frameworks",
				);
				MACOSX_DEPLOYMENT_TARGET = 13.0;
				PRODUCT_BUNDLE_IDENTIFIER = app.reigh.torrent-preview.QuickLookTorrentPreviewExtension;
				PRODUCT_NAME = "$(TARGET_NAME)";
				SWIFT_VERSION = 5.0;
			};
			name = Release;
		};
/* End XCBuildConfiguration section */

/* Begin XCConfigurationList section */
		A100000000000000000000A0 /* Build configuration list for PBXProject "TorrentPreview" */ = {
			isa = XCConfigurationList;
			buildConfigurations = (
				A100000000000000000000C0 /* Debug */,
				A100000000000000000000C1 /* Release */,
			);
			defaultConfigurationIsVisible = 0;
			defaultConfigurationName = Release;
		};
		A100000000000000000000A1 /* Build configuration list for PBXNativeTarget "TorrentPreview" */ = {
			isa = XCConfigurationList;
			buildConfigurations = (
				A100000000000000000000C2 /* Debug */,
				A100000000000000000000C3 /* Release */,
			);
			defaultConfigurationIsVisible = 0;
			defaultConfigurationName = Release;
		};
		A100000000000000000000A2 /* Build configuration list for PBXNativeTarget "QuickLookTorrentPreviewExtension" */ = {
			isa = XCConfigurationList;
			buildConfigurations = (
				A100000000000000000000C4 /* Debug */,
				A100000000000000000000C5 /* Release */,
			);
			defaultConfigurationIsVisible = 0;
			defaultConfigurationName = Release;
		};
/* End XCConfigurationList section */
	};
	rootObject = A10000000000000000000001 /* Project object */;
}
